{
  "name": "eslint-config-mlauffer-ui5",
  "version": "0.0.2",
  "lockfileVersion": 1,
  "requires": true,
  "dependencies": {
    "@openui5/ts-types": {
      "version": "1.60.5",
      "resolved": "https://registry.npmjs.org/@openui5/ts-types/-/ts-types-1.60.5.tgz",
      "integrity": "sha512-syzrhxH1JNfYS+FccnPUjxsGwQhW3mvwJpx1oQhZhh7VM7matWstLH9ObPtI3oPj3SO+IMgjpyBjzSUHZo5r4A==",
      "dev": true
    },
    "@types/eslint": {
      "version": "7.2.0",
      "resolved": "https://registry.npmjs.org/@types/eslint/-/eslint-7.2.0.tgz",
      "integrity": "sha512-LpUXkr7fnmPXWGxB0ZuLEzNeTURuHPavkC5zuU4sg62/TgL5ZEjamr5Y8b6AftwHtx2bPJasI+CL0TT2JwQ7aA==",
      "dev": true,
      "requires": {
        "@types/estree": "*",
        "@types/json-schema": "*"
      }
    },
    "@types/estree": {
      "version": "0.0.45",
      "resolved": "https://registry.npmjs.org/@types/estree/-/estree-0.0.45.tgz",
      "integrity": "sha512-jnqIUKDUqJbDIUxm0Uj7bnlMnRm1T/eZ9N+AVMqhPgzrba2GhGG5o/jCTwmdPK709nEZsGoMzXEDUjcXHa3W0g==",
      "dev": true
    },
    "@types/json-schema": {
      "version": "7.0.5",
      "resolved": "https://registry.npmjs.org/@types/json-schema/-/json-schema-7.0.5.tgz",
      "integrity": "sha512-7+2BITlgjgDhH0vvwZU/HZJVyk+2XUlvxXe8dFMedNX/aMkaOq++rMAFXc0tM7ij15QaWlbdQASBR9dihi+bDQ==",
      "dev": true
    },
    "@types/node": {
      "version": "14.0.14",
      "resolved": "https://registry.npmjs.org/@types/node/-/node-14.0.14.tgz",
      "integrity": "sha512-syUgf67ZQpaJj01/tRTknkMNoBBLWJOBODF0Zm4NrXmiSuxjymFrxnTu1QVYRubhVkRcZLYZG8STTwJRdVm/WQ==",
      "dev": true
    },
    "@types/qunit": {
      "version": "2.9.1",
      "resolved": "https://registry.npmjs.org/@types/qunit/-/qunit-2.9.1.tgz",
      "integrity": "sha512-v51Fz/orMOkBGzrRvskky3UN0I81ka6rokAxkcuVyLHAh0qNKp+Roqympg/gTia8vGOIEbeSykevI0VKiIF13Q==",
      "dev": true
    },
    "@types/sinon": {
      "version": "9.0.4",
      "resolved": "https://registry.npmjs.org/@types/sinon/-/sinon-9.0.4.tgz",
      "integrity": "sha512-sJmb32asJZY6Z2u09bl0G2wglSxDlROlAejCjsnor+LzBMz17gu8IU7vKC/vWDnv9zEq2wqADHVXFjf4eE8Gdw==",
      "dev": true,
      "requires": {
        "@types/sinonjs__fake-timers": "*"
      }
    },
    "@types/sinonjs__fake-timers": {
      "version": "6.0.1",
      "resolved": "https://registry.npmjs.org/@types/sinonjs__fake-timers/-/sinonjs__fake-timers-6.0.1.tgz",
      "integrity": "sha512-yYezQwGWty8ziyYLdZjwxyMb0CZR49h8JALHGrxjQHWlqGgc8kLdHEgWrgL0uZ29DMvEVBDnHU2Wg36zKSIUtA==",
      "dev": true
    },
    "eslint-config-google": {
      "version": "0.14.0",
      "resolved": "https://registry.npmjs.org/eslint-config-google/-/eslint-config-google-0.14.0.tgz",
      "integrity": "sha512-WsbX4WbjuMvTdeVL6+J3rK1RGhCTqjsFjX7UMSMgZiyxxaNLkoJENbrGExzERFeoTpGw3F3FypTiWAP9ZXzkEw=="
    },
    "eslint-config-mlauffer-nodejs": {
      "version": "0.0.1",
      "resolved": "https://registry.npmjs.org/eslint-config-mlauffer-nodejs/-/eslint-config-mlauffer-nodejs-0.0.1.tgz",
      "integrity": "sha512-P1YDWdn3cdVEuQnwLQy4jETRH+N1KnicrliciDs4EWUovTSagfxviWPa9lRwvE9Kbz6cbveXqP9OhcQkCYIuRQ==",
      "dev": true,
      "requires": {
        "@types/eslint": "^6.1.8",
        "@types/node": "^13.7.6",
        "eslint-config-google": "^0.14.0",
        "eslint-plugin-security": "^1.4.0",
        "eslint-plugin-sonarjs": "^0.5.0"
      },
      "dependencies": {
        "@types/eslint": {
          "version": "6.8.1",
          "resolved": "https://registry.npmjs.org/@types/eslint/-/eslint-6.8.1.tgz",
          "integrity": "sha512-eutiEpQ4SN7kdF8QVDPyiSSy7ZFM+werJVw6/mRxLGbG4oet6/p81WFjSIcuY9PzM+dsu25Yh5EAUmQ9aJC1gg==",
          "dev": true,
          "requires": {
            "@types/estree": "*",
            "@types/json-schema": "*"
          }
        },
        "@types/node": {
          "version": "13.13.12",
          "resolved": "https://registry.npmjs.org/@types/node/-/node-13.13.12.tgz",
          "integrity": "sha512-zWz/8NEPxoXNT9YyF2osqyA9WjssZukYpgI4UYZpOjcyqwIUqWGkcCionaEb9Ki+FULyPyvNFpg/329Kd2/pbw==",
          "dev": true
        }
      }
    },
    "eslint-plugin-security": {
      "version": "1.4.0",
      "resolved": "https://registry.npmjs.org/eslint-plugin-security/-/eslint-plugin-security-1.4.0.tgz",
      "integrity": "sha512-xlS7P2PLMXeqfhyf3NpqbvbnW04kN8M9NtmhpR3XGyOvt/vNKS7XPXT5EDbwKW9vCjWH4PpfQvgD/+JgN0VJKA==",
      "requires": {
        "safe-regex": "^1.1.0"
      }
    },
    "eslint-plugin-sonarjs": {
      "version": "0.5.0",
      "resolved": "https://registry.npmjs.org/eslint-plugin-sonarjs/-/eslint-plugin-sonarjs-0.5.0.tgz",
      "integrity": "sha512-XW5MnzlRjhXpIdbULC/qAdJYHWw3rRLws/DyawdlPU/IdVr9AmRK1r2LaCvabwKOAW2XYYSo3kDX58E4MrB7PQ=="
    },
    "ret": {
      "version": "0.1.15",
      "resolved": "https://registry.npmjs.org/ret/-/ret-0.1.15.tgz",
      "integrity": "sha512-TTlYpa+OL+vMMNG24xSlQGEJ3B/RzEfUlLct7b5G/ytav+wPrplCpVMFuwzXbkecJrb6IYo1iFb0S9v37754mg=="
    },
    "safe-regex": {
      "version": "1.1.0",
      "resolved": "https://registry.npmjs.org/safe-regex/-/safe-regex-1.1.0.tgz",
      "integrity": "sha1-QKNmnzsHfR6UPURinhV91IAjvy4=",
      "requires": {
        "ret": "~0.1.10"
      }
    }
  }
}
