{
  "name": "eslint-config-mlauffer-ui5",
  "version": "0.0.2",
  "lockfileVersion": 1,
  "requires": true,
  "dependencies": {
    "@types/eslint": {
      "version": "6.1.8",
      "resolved": "https://registry.npmjs.org/@types/eslint/-/eslint-6.1.8.tgz",
      "integrity": "sha512-CJBhm9pYdUS8cFVbXACWlLxZWFBTQMiM0eI6RYxng3u9oQ9gHdQ5PN89DHPrK4RISRzX62nRsteUlbBgEIdSug==",
      "requires": {
        "@types/estree": "*",
        "@types/json-schema": "*"
      }
    },
    "@types/estree": {
      "version": "0.0.42",
      "resolved": "https://registry.npmjs.org/@types/estree/-/estree-0.0.42.tgz",
      "integrity": "sha512-K1DPVvnBCPxzD+G51/cxVIoc2X8uUVl1zpJeE6iKcgHMj4+tbat5Xu4TjV7v2QSDbIeAfLi2hIk+u2+s0MlpUQ=="
    },
    "@types/json-schema": {
      "version": "7.0.4",
      "resolved": "https://registry.npmjs.org/@types/json-schema/-/json-schema-7.0.4.tgz",
      "integrity": "sha512-8+KAKzEvSUdeo+kmqnKrqgeE+LcA0tjYWFY7RPProVYwnqDjukzO+3b6dLD56rYX5TdWejnEOLJYOIeh4CXKuA=="
    },
    "@types/node": {
      "version": "13.7.6",
      "resolved": "https://registry.npmjs.org/@types/node/-/node-13.7.6.tgz",
      "integrity": "sha512-eyK7MWD0R1HqVTp+PtwRgFeIsemzuj4gBFSQxfPHY5iMjS7474e5wq+VFgTcdpyHeNxyKSaetYAjdMLJlKoWqA=="
    },
    "eslint-config-google": {
      "version": "0.14.0",
      "resolved": "https://registry.npmjs.org/eslint-config-google/-/eslint-config-google-0.14.0.tgz",
      "integrity": "sha512-WsbX4WbjuMvTdeVL6+J3rK1RGhCTqjsFjX7UMSMgZiyxxaNLkoJENbrGExzERFeoTpGw3F3FypTiWAP9ZXzkEw=="
    },
    "eslint-config-mlauffer-nodejs": {
      "version": "git+https://github.com/mauriciolauffer/eslint-config-mlauffer-nodejs.git#1e9954d90f610430c479fa337ba4609bfd0fddcf",
      "from": "git+https://github.com/mauriciolauffer/eslint-config-mlauffer-nodejs.git",
      "dev": true,
      "requires": {
        "@types/eslint": "^6.1.8",
        "@types/node": "^13.7.6",
        "eslint-config-google": "^0.14.0",
        "eslint-plugin-security": "^1.4.0",
        "eslint-plugin-sonarjs": "^0.5.0"
      }
    },
    "eslint-plugin-security": {
      "version": "1.4.0",
      "resolved": "https://registry.npmjs.org/eslint-plugin-security/-/eslint-plugin-security-1.4.0.tgz",
      "integrity": "sha512-xlS7P2PLMXeqfhyf3NpqbvbnW04kN8M9NtmhpR3XGyOvt/vNKS7XPXT5EDbwKW9vCjWH4PpfQvgD/+JgN0VJKA==",
      "requires": {
        "safe-regex": "^1.1.0"
      }
    },
    "eslint-plugin-sonarjs": {
      "version": "0.5.0",
      "resolved": "https://registry.npmjs.org/eslint-plugin-sonarjs/-/eslint-plugin-sonarjs-0.5.0.tgz",
      "integrity": "sha512-XW5MnzlRjhXpIdbULC/qAdJYHWw3rRLws/DyawdlPU/IdVr9AmRK1r2LaCvabwKOAW2XYYSo3kDX58E4MrB7PQ=="
    },
    "ret": {
      "version": "0.1.15",
      "resolved": "https://registry.npmjs.org/ret/-/ret-0.1.15.tgz",
      "integrity": "sha512-TTlYpa+OL+vMMNG24xSlQGEJ3B/RzEfUlLct7b5G/ytav+wPrplCpVMFuwzXbkecJrb6IYo1iFb0S9v37754mg=="
    },
    "safe-regex": {
      "version": "1.1.0",
      "resolved": "https://registry.npmjs.org/safe-regex/-/safe-regex-1.1.0.tgz",
      "integrity": "sha1-QKNmnzsHfR6UPURinhV91IAjvy4=",
      "requires": {
        "ret": "~0.1.10"
      }
    }
  }
}
